
Microsoft Visual Studio Solution File, Format Version 12.00
# Visual Studio 2013
VisualStudioVersion = 12.0.31101.0
MinimumVisualStudioVersion = 10.0.40219.1
Project("{FAE04EC0-301F-11D3-BF4B-00C04F79EFBC}") = "Group project", "Group project.csproj", "{7AE0828A-F770-43BA-889A-5D5DCB77670F}"
EndProject
Global
	GlobalSection(SolutionConfigurationPlatforms) = preSolution
		Debug|Any CPU = Debug|Any CPU
		Release|Any CPU = Release|Any CPU
	EndGlobalSection
	GlobalSection(ProjectConfigurationPlatforms) = postSolution
		{7AE0828A-F770-43BA-889A-5D5DCB77670F}.Debug|Any CPU.ActiveCfg = Debug|Any CPU
		{7AE0828A-F770-43BA-889A-5D5DCB77670F}.Debug|Any CPU.Build.0 = Debug|Any CPU
		{7AE0828A-F770-43BA-889A-5D5DCB77670F}.Release|Any CPU.ActiveCfg = Release|Any CPU
		{7AE0828A-F770-43BA-889A-5D5DCB77670F}.Release|Any CPU.Build.0 = Release|Any CPU
	EndGlobalSection
	GlobalSection(SolutionProperties) = preSolution
		HideSolutionNode = FALSE
	EndGlobalSection
EndGlobal
